<?xml version="1.0" encoding="utf-8"?>
<Project ToolsVersion="4.0" xmlns="http://schemas.microsoft.com/developer/msbuild/2003">
  <ItemGroup>
    <Filter Include="Source Files">
      <UniqueIdentifier>{4FC737F1-C7A5-4376-A066-2A32D752A2FF}</UniqueIdentifier>
      <Extensions>cpp;c;cc;cxx;def;odl;idl;hpj;bat;asm;asmx</Extensions>
    </Filter>
    <Filter Include="Header Files">
      <UniqueIdentifier>{93995380-89BD-4b04-88EB-625FBE52EBFB}</UniqueIdentifier>
      <Extensions>h;hh;hpp;hxx;hm;inl;inc;xsd</Extensions>
    </Filter>
    <Filter Include="Resource Files">
      <UniqueIdentifier>{67DA6AB6-F800-4c08-8B7A-83BB121AAD01}</UniqueIdentifier>
      <Extensions>rc;ico;cur;bmp;dlg;rc2;rct;bin;rgs;gif;jpg;jpeg;jpe;resx;tiff;tif;png;wav;mfcribbon-ms</Extensions>
    </Filter>
  </ItemGroup>
  <ItemGroup>
    <ClInclude Include="Hello.h">
      <Filter>Header Files</Filter>
    </ClInclude>
    <ClInclude Include="Bubble\BubbleSort.h">
      <Filter>Header Files</Filter>
    </ClInclude>
    <ClInclude Include="Winstopwatch\WindowsStopwatch.h">
      <Filter>Header Files</Filter>
    </ClInclude>
    <ClInclude Include="Shell\ShellSort.h">
      <Filter>Header Files</Filter>
    </ClInclude>
    <ClInclude Include="Insertion\InsertionSort.h">
      <Filter>Header Files</Filter>
    </ClInclude>
    <ClInclude Include="Selection\SelectionSort.h">
      <Filter>Header Files</Filter>
    </ClInclude>
    <ClInclude Include="Comb\CombSort.h">
      <Filter>Header Files</Filter>
    </ClInclude>
    <ClInclude Include="Heap\HeapSort.h">
      <Filter>Header Files</Filter>
    </ClInclude>
    <ClInclude Include="Merge\MergeSort.h">
      <Filter>Header Files</Filter>
    </ClInclude>
    <ClInclude Include="QuickSort\QuickSort.h">
      <Filter>Header Files</Filter>
    </ClInclude>
    <ClInclude Include="RadixSort\RadixSort.h">
      <Filter>Header Files</Filter>
    </ClInclude>
    <ClInclude Include="IntroSort\IntroSort.h">
      <Filter>Header Files</Filter>
    </ClInclude>
    <ClInclude Include="CountingSort\CountingSort.h">
      <Filter>Header Files</Filter>
    </ClInclude>
    <ClInclude Include="ISort\ISort.h">
      <Filter>Header Files</Filter>
    </ClInclude>
  </ItemGroup>
  <ItemGroup>
    <ClCompile Include="Hello.cpp">
      <Filter>Source Files</Filter>
    </ClCompile>
    <ClCompile Include="Bubble\BubbleSort.cpp">
      <Filter>Source Files</Filter>
    </ClCompile>
    <ClCompile Include="Winstopwatch\WindowsStopwatch.cpp">
      <Filter>Source Files</Filter>
    </ClCompile>
    <ClCompile Include="Shell\ShellSort.cpp">
      <Filter>Source Files</Filter>
    </ClCompile>
    <ClCompile Include="Insertion\InsertionSort.cpp">
      <Filter>Source Files</Filter>
    </ClCompile>
    <ClCompile Include="Selection\SelectionSort.cpp">
      <Filter>Source Files</Filter>
    </ClCompile>
    <ClCompile Include="Comb\CombSort.cpp">
      <Filter>Source Files</Filter>
    </ClCompile>
    <ClCompile Include="Heap\HeapSort.cpp">
      <Filter>Source Files</Filter>
    </ClCompile>
    <ClCompile Include="Merge\MergeSort.cpp">
      <Filter>Source Files</Filter>
    </ClCompile>
    <ClCompile Include="QuickSort\QuickSort.cpp">
      <Filter>Source Files</Filter>
    </ClCompile>
    <ClCompile Include="RadixSort\RadixSort.cpp">
      <Filter>Source Files</Filter>
    </ClCompile>
    <ClCompile Include="IntroSort\IntroSort.cpp">
      <Filter>Source Files</Filter>
    </ClCompile>
    <ClCompile Include="CountingSort\CountingSort.cpp">
      <Filter>Source Files</Filter>
    </ClCompile>
  </ItemGroup>
</Project>